
Microsoft Visual Studio Solution File, Format Version 12.00
# Visual Studio Version 16
VisualStudioVersion = 16.0.29409.12
MinimumVisualStudioVersion = 10.0.40219.1
Project("{FAE04EC0-301F-11D3-BF4B-00C04F79EFBC}") = "SalesWebMvc", "SalesWebMvc\SalesWebMvc.csproj", "{28F72F3A-894C-4128-8AC9-4AF82B4775BF}"
EndProject
Global
	GlobalSection(SolutionConfigurationPlatforms) = preSolution
		Debug|Any CPU = Debug|Any CPU
		Release|Any CPU = Release|Any CPU
	EndGlobalSection
	GlobalSection(ProjectConfigurationPlatforms) = postSolution
		{28F72F3A-894C-4128-8AC9-4AF82B4775BF}.Debug|Any CPU.ActiveCfg = Debug|Any CPU
		{28F72F3A-894C-4128-8AC9-4AF82B4775BF}.Debug|Any CPU.Build.0 = Debug|Any CPU
		{28F72F3A-894C-4128-8AC9-4AF82B4775BF}.Release|Any CPU.ActiveCfg = Release|Any CPU
		{28F72F3A-894C-4128-8AC9-4AF82B4775BF}.Release|Any CPU.Build.0 = Release|Any CPU
	EndGlobalSection
	GlobalSection(SolutionProperties) = preSolution
		HideSolutionNode = FALSE
	EndGlobalSection
	GlobalSection(ExtensibilityGlobals) = postSolution
		SolutionGuid = {0900CC29-53D9-4D61-B932-D51471C5DC94}
	EndGlobalSection
EndGlobal
